
Microsoft Visual Studio Solution File, Format Version 12.00
# Visual Studio Version 16
VisualStudioVersion = 16.0.31025.194
MinimumVisualStudioVersion = 10.0.40219.1
Project("{FAE04EC0-301F-11D3-BF4B-00C04F79EFBC}") = "MVC_CORE", "MVC_CORE\MVC_CORE.csproj", "{9640D352-C2C8-435C-A299-56DD1A0EB302}"
EndProject
Global
	GlobalSection(SolutionConfigurationPlatforms) = preSolution
		Debug|Any CPU = Debug|Any CPU
		Release|Any CPU = Release|Any CPU
	EndGlobalSection
	GlobalSection(ProjectConfigurationPlatforms) = postSolution
		{9640D352-C2C8-435C-A299-56DD1A0EB302}.Debug|Any CPU.ActiveCfg = Debug|Any CPU
		{9640D352-C2C8-435C-A299-56DD1A0EB302}.Debug|Any CPU.Build.0 = Debug|Any CPU
		{9640D352-C2C8-435C-A299-56DD1A0EB302}.Release|Any CPU.ActiveCfg = Release|Any CPU
		{9640D352-C2C8-435C-A299-56DD1A0EB302}.Release|Any CPU.Build.0 = Release|Any CPU
	EndGlobalSection
	GlobalSection(SolutionProperties) = preSolution
		HideSolutionNode = FALSE
	EndGlobalSection
	GlobalSection(ExtensibilityGlobals) = postSolution
		SolutionGuid = {F5432C73-A8FE-4E6C-AC02-FD2BDACE7470}
	EndGlobalSection
EndGlobal
